// !$*UTF8*$!
{
	archiveVersion = 1;
	classes = {
	};
	objectVersion = 51;
	objects = {

/* Begin PBXBuildFile section */
		16601DB508843674E0ABF368 /* Pods_CochleariOSTests.framework in Frameworks */ = {isa = PBXBuildFile; fileRef = D4093B173950669682C81AA6 /* Pods_CochleariOSTests.framework */; };
		2766F08DF457E3C9BD9F3C5C /* Pods_CochleariOS.framework in Frameworks */ = {isa = PBXBuildFile; fileRef = A2DFB007CA51642FC9B9129F /* Pods_CochleariOS.framework */; };
		A85B203096D2858E33956102 /* Pods_CochleariOSUITests.framework in Frameworks */ = {isa = PBXBuildFile; fileRef = 773CEAEC4CC8A3C48E3EA01F /* Pods_CochleariOSUITests.framework */; };
		B1499DA723A3B15000DBF121 /* AppDelegate.swift in Sources */ = {isa = PBXBuildFile; fileRef = B1499DA623A3B15000DBF121 /* AppDelegate.swift */; };
		B1499DA923A3B15000DBF121 /* SceneDelegate.swift in Sources */ = {isa = PBXBuildFile; fileRef = B1499DA823A3B15000DBF121 /* SceneDelegate.swift */; };
		B1499DAB23A3B15000DBF121 /* ViewController.swift in Sources */ = {isa = PBXBuildFile; fileRef = B1499DAA23A3B15000DBF121 /* ViewController.swift */; };
		B1499DAE23A3B15000DBF121 /* Main.storyboard in Resources */ = {isa = PBXBuildFile; fileRef = B1499DAC23A3B15000DBF121 /* Main.storyboard */; };
		B1499DB023A3B15300DBF121 /* Assets.xcassets in Resources */ = {isa = PBXBuildFile; fileRef = B1499DAF23A3B15300DBF121 /* Assets.xcassets */; };
		B1499DB323A3B15300DBF121 /* LaunchScreen.storyboard in Resources */ = {isa = PBXBuildFile; fileRef = B1499DB123A3B15300DBF121 /* LaunchScreen.storyboard */; };
		B1499DBE23A3B15300DBF121 /* CochleariOSTests.swift in Sources */ = {isa = PBXBuildFile; fileRef = B1499DBD23A3B15300DBF121 /* CochleariOSTests.swift */; };
		B1499DC923A3B15300DBF121 /* CochleariOSUITests.swift in Sources */ = {isa = PBXBuildFile; fileRef = B1499DC823A3B15300DBF121 /* CochleariOSUITests.swift */; };
		B1499DD723A3DC2400DBF121 /* GoogleService-Info.plist in Resources */ = {isa = PBXBuildFile; fileRef = B1499DD623A3DC2400DBF121 /* GoogleService-Info.plist */; };
		B151B86923A4AF3600D909E7 /* DetailScreen.swift in Sources */ = {isa = PBXBuildFile; fileRef = B151B86823A4AF3600D909E7 /* DetailScreen.swift */; };
		B151B86B23A4B17100D909E7 /* CustomInfoWindow.xib in Resources */ = {isa = PBXBuildFile; fileRef = B151B86A23A4B17100D909E7 /* CustomInfoWindow.xib */; };
		B151B86D23A4B20C00D909E7 /* CustomInfoWindow.swift in Sources */ = {isa = PBXBuildFile; fileRef = B151B86C23A4B20C00D909E7 /* CustomInfoWindow.swift */; };
		B151B86F23A5383200D909E7 /* ListScreen.swift in Sources */ = {isa = PBXBuildFile; fileRef = B151B86E23A5383200D909E7 /* ListScreen.swift */; };
		B151B87323A5C98300D909E7 /* LocationCell.swift in Sources */ = {isa = PBXBuildFile; fileRef = B151B87223A5C98300D909E7 /* LocationCell.swift */; };
/* End PBXBuildFile section */

/* Begin PBXContainerItemProxy section */
		B1499DBA23A3B15300DBF121 /* PBXContainerItemProxy */ = {
			isa = PBXContainerItemProxy;
			containerPortal = B1499D9B23A3B15000DBF121 /* Project object */;
			proxyType = 1;
			remoteGlobalIDString = B1499DA223A3B15000DBF121;
			remoteInfo = CochleariOS;
		};
		B1499DC523A3B15300DBF121 /* PBXContainerItemProxy */ = {
			isa = PBXContainerItemProxy;
			containerPortal = B1499D9B23A3B15000DBF121 /* Project object */;
			proxyType = 1;
			remoteGlobalIDString = B1499DA223A3B15000DBF121;
			remoteInfo = CochleariOS;
		};
/* End PBXContainerItemProxy section */

/* Begin PBXFileReference section */
		12962AB0585B1F363E668D09 /* Pods-CochleariOSTests.debug.xcconfig */ = {isa = PBXFileReference; includeInIndex = 1; lastKnownFileType = text.xcconfig; name = "Pods-CochleariOSTests.debug.xcconfig"; path = "Target Support Files/Pods-CochleariOSTests/Pods-CochleariOSTests.debug.xcconfig"; sourceTree = "<group>"; };
		4B4E974148941DF654B3E315 /* Pods-CochleariOSTests.release.xcconfig */ = {isa = PBXFileReference; includeInIndex = 1; lastKnownFileType = text.xcconfig; name = "Pods-CochleariOSTests.release.xcconfig"; path = "Target Support Files/Pods-CochleariOSTests/Pods-CochleariOSTests.release.xcconfig"; sourceTree = "<group>"; };
		4BF63B4B4800AE4DCE242887 /* Pods-CochleariOS.release.xcconfig */ = {isa = PBXFileReference; includeInIndex = 1; lastKnownFileType = text.xcconfig; name = "Pods-CochleariOS.release.xcconfig"; path = "Target Support Files/Pods-CochleariOS/Pods-CochleariOS.release.xcconfig"; sourceTree = "<group>"; };
		773CEAEC4CC8A3C48E3EA01F /* Pods_CochleariOSUITests.framework */ = {isa = PBXFileReference; explicitFileType = wrapper.framework; includeInIndex = 0; path = Pods_CochleariOSUITests.framework; sourceTree = BUILT_PRODUCTS_DIR; };
		A2DFB007CA51642FC9B9129F /* Pods_CochleariOS.framework */ = {isa = PBXFileReference; explicitFileType = wrapper.framework; includeInIndex = 0; path = Pods_CochleariOS.framework; sourceTree = BUILT_PRODUCTS_DIR; };
		B1499DA323A3B15000DBF121 /* CochleariOS.app */ = {isa = PBXFileReference; explicitFileType = wrapper.application; includeInIndex = 0; path = CochleariOS.app; sourceTree = BUILT_PRODUCTS_DIR; };
		B1499DA623A3B15000DBF121 /* AppDelegate.swift */ = {isa = PBXFileReference; lastKnownFileType = sourcecode.swift; path = AppDelegate.swift; sourceTree = "<group>"; };
		B1499DA823A3B15000DBF121 /* SceneDelegate.swift */ = {isa = PBXFileReference; lastKnownFileType = sourcecode.swift; path = SceneDelegate.swift; sourceTree = "<group>"; };
		B1499DAA23A3B15000DBF121 /* ViewController.swift */ = {isa = PBXFileReference; lastKnownFileType = sourcecode.swift; path = ViewController.swift; sourceTree = "<group>"; };
		B1499DAD23A3B15000DBF121 /* Base */ = {isa = PBXFileReference; lastKnownFileType = file.storyboard; name = Base; path = Base.lproj/Main.storyboard; sourceTree = "<group>"; };
		B1499DAF23A3B15300DBF121 /* Assets.xcassets */ = {isa = PBXFileReference; lastKnownFileType = folder.assetcatalog; path = Assets.xcassets; sourceTree = "<group>"; };
		B1499DB223A3B15300DBF121 /* Base */ = {isa = PBXFileReference; lastKnownFileType = file.storyboard; name = Base; path = Base.lproj/LaunchScreen.storyboard; sourceTree = "<group>"; };
		B1499DB423A3B15300DBF121 /* Info.plist */ = {isa = PBXFileReference; lastKnownFileType = text.plist.xml; path = Info.plist; sourceTree = "<group>"; };
		B1499DB923A3B15300DBF121 /* CochleariOSTests.xctest */ = {isa = PBXFileReference; explicitFileType = wrapper.cfbundle; includeInIndex = 0; path = CochleariOSTests.xctest; sourceTree = BUILT_PRODUCTS_DIR; };
		B1499DBD23A3B15300DBF121 /* CochleariOSTests.swift */ = {isa = PBXFileReference; lastKnownFileType = sourcecode.swift; path = CochleariOSTests.swift; sourceTree = "<group>"; };
		B1499DBF23A3B15300DBF121 /* Info.plist */ = {isa = PBXFileReference; lastKnownFileType = text.plist.xml; path = Info.plist; sourceTree = "<group>"; };
		B1499DC423A3B15300DBF121 /* CochleariOSUITests.xctest */ = {isa = PBXFileReference; explicitFileType = wrapper.cfbundle; includeInIndex = 0; path = CochleariOSUITests.xctest; sourceTree = BUILT_PRODUCTS_DIR; };
		B1499DC823A3B15300DBF121 /* CochleariOSUITests.swift */ = {isa = PBXFileReference; lastKnownFileType = sourcecode.swift; path = CochleariOSUITests.swift; sourceTree = "<group>"; };
		B1499DCA23A3B15300DBF121 /* Info.plist */ = {isa = PBXFileReference; lastKnownFileType = text.plist.xml; path = Info.plist; sourceTree = "<group>"; };
		B1499DD623A3DC2400DBF121 /* GoogleService-Info.plist */ = {isa = PBXFileReference; fileEncoding = 4; lastKnownFileType = text.plist.xml; path = "GoogleService-Info.plist"; sourceTree = "<group>"; };
		B151B86823A4AF3600D909E7 /* DetailScreen.swift */ = {isa = PBXFileReference; lastKnownFileType = sourcecode.swift; path = DetailScreen.swift; sourceTree = "<group>"; };
		B151B86A23A4B17100D909E7 /* CustomInfoWindow.xib */ = {isa = PBXFileReference; lastKnownFileType = file.xib; path = CustomInfoWindow.xib; sourceTree = "<group>"; };
		B151B86C23A4B20C00D909E7 /* CustomInfoWindow.swift */ = {isa = PBXFileReference; lastKnownFileType = sourcecode.swift; path = CustomInfoWindow.swift; sourceTree = "<group>"; };
		B151B86E23A5383200D909E7 /* ListScreen.swift */ = {isa = PBXFileReference; lastKnownFileType = sourcecode.swift; path = ListScreen.swift; sourceTree = "<group>"; };
		B151B87223A5C98300D909E7 /* LocationCell.swift */ = {isa = PBXFileReference; lastKnownFileType = sourcecode.swift; path = LocationCell.swift; sourceTree = "<group>"; };
		CC24F5B366042BD5F1690A85 /* Pods-CochleariOS.debug.xcconfig */ = {isa = PBXFileReference; includeInIndex = 1; lastKnownFileType = text.xcconfig; name = "Pods-CochleariOS.debug.xcconfig"; path = "Target Support Files/Pods-CochleariOS/Pods-CochleariOS.debug.xcconfig"; sourceTree = "<group>"; };
		D4093B173950669682C81AA6 /* Pods_CochleariOSTests.framework */ = {isa = PBXFileReference; explicitFileType = wrapper.framework; includeInIndex = 0; path = Pods_CochleariOSTests.framework; sourceTree = BUILT_PRODUCTS_DIR; };
		E70C5701A842F643B1383801 /* Pods-CochleariOSUITests.release.xcconfig */ = {isa = PBXFileReference; includeInIndex = 1; lastKnownFileType = text.xcconfig; name = "Pods-CochleariOSUITests.release.xcconfig"; path = "Target Support Files/Pods-CochleariOSUITests/Pods-CochleariOSUITests.release.xcconfig"; sourceTree = "<group>"; };
		F4458ECE21066E4D04841A6E /* Pods-CochleariOSUITests.debug.xcconfig */ = {isa = PBXFileReference; includeInIndex = 1; lastKnownFileType = text.xcconfig; name = "Pods-CochleariOSUITests.debug.xcconfig"; path = "Target Support Files/Pods-CochleariOSUITests/Pods-CochleariOSUITests.debug.xcconfig"; sourceTree = "<group>"; };
/* End PBXFileReference section */

/* Begin PBXFrameworksBuildPhase section */
		B1499DA023A3B15000DBF121 /* Frameworks */ = {
			isa = PBXFrameworksBuildPhase;
			buildActionMask = 2147483647;
			files = (
				2766F08DF457E3C9BD9F3C5C /* Pods_CochleariOS.framework in Frameworks */,
			);
			runOnlyForDeploymentPostprocessing = 0;
		};
		B1499DB623A3B15300DBF121 /* Frameworks */ = {
			isa = PBXFrameworksBuildPhase;
			buildActionMask = 2147483647;
			files = (
				16601DB508843674E0ABF368 /* Pods_CochleariOSTests.framework in Frameworks */,
			);
			runOnlyForDeploymentPostprocessing = 0;
		};
		B1499DC123A3B15300DBF121 /* Frameworks */ = {
			isa = PBXFrameworksBuildPhase;
			buildActionMask = 2147483647;
			files = (
				A85B203096D2858E33956102 /* Pods_CochleariOSUITests.framework in Frameworks */,
			);
			runOnlyForDeploymentPostprocessing = 0;
		};
/* End PBXFrameworksBuildPhase section */

/* Begin PBXGroup section */
		B1499D9A23A3B15000DBF121 = {
			isa = PBXGroup;
			children = (
				B1499DA523A3B15000DBF121 /* CochleariOS */,
				B1499DBC23A3B15300DBF121 /* CochleariOSTests */,
				B1499DC723A3B15300DBF121 /* CochleariOSUITests */,
				B1499DA423A3B15000DBF121 /* Products */,
				B4D55A5B3F013FCF65B8EDFC /* Pods */,
				C898DCB4FDF5C5FCCDC6C80D /* Frameworks */,
			);
			sourceTree = "<group>";
		};
		B1499DA423A3B15000DBF121 /* Products */ = {
			isa = PBXGroup;
			children = (
				B1499DA323A3B15000DBF121 /* CochleariOS.app */,
				B1499DB923A3B15300DBF121 /* CochleariOSTests.xctest */,
				B1499DC423A3B15300DBF121 /* CochleariOSUITests.xctest */,
			);
			name = Products;
			sourceTree = "<group>";
		};
		B1499DA523A3B15000DBF121 /* CochleariOS */ = {
			isa = PBXGroup;
			children = (
				B1499DA623A3B15000DBF121 /* AppDelegate.swift */,
				B1499DA823A3B15000DBF121 /* SceneDelegate.swift */,
				B1499DAA23A3B15000DBF121 /* ViewController.swift */,
				B151B86A23A4B17100D909E7 /* CustomInfoWindow.xib */,
				B1499DAC23A3B15000DBF121 /* Main.storyboard */,
				B1499DAF23A3B15300DBF121 /* Assets.xcassets */,
				B1499DD623A3DC2400DBF121 /* GoogleService-Info.plist */,
				B1499DB123A3B15300DBF121 /* LaunchScreen.storyboard */,
				B1499DB423A3B15300DBF121 /* Info.plist */,
				B151B86823A4AF3600D909E7 /* DetailScreen.swift */,
				B151B86C23A4B20C00D909E7 /* CustomInfoWindow.swift */,
				B151B86E23A5383200D909E7 /* ListScreen.swift */,
				B151B87223A5C98300D909E7 /* LocationCell.swift */,
			);
			path = CochleariOS;
			sourceTree = "<group>";
		};
		B1499DBC23A3B15300DBF121 /* CochleariOSTests */ = {
			isa = PBXGroup;
			children = (
				B1499DBD23A3B15300DBF121 /* CochleariOSTests.swift */,
				B1499DBF23A3B15300DBF121 /* Info.plist */,
			);
			path = CochleariOSTests;
			sourceTree = "<group>";
		};
		B1499DC723A3B15300DBF121 /* CochleariOSUITests */ = {
			isa = PBXGroup;
			children = (
				B1499DC823A3B15300DBF121 /* CochleariOSUITests.swift */,
				B1499DCA23A3B15300DBF121 /* Info.plist */,
			);
			path = CochleariOSUITests;
			sourceTree = "<group>";
		};
		B4D55A5B3F013FCF65B8EDFC /* Pods */ = {
			isa = PBXGroup;
			children = (
				CC24F5B366042BD5F1690A85 /* Pods-CochleariOS.debug.xcconfig */,
				4BF63B4B4800AE4DCE242887 /* Pods-CochleariOS.release.xcconfig */,
				12962AB0585B1F363E668D09 /* Pods-CochleariOSTests.debug.xcconfig */,
				4B4E974148941DF654B3E315 /* Pods-CochleariOSTests.release.xcconfig */,
				F4458ECE21066E4D04841A6E /* Pods-CochleariOSUITests.debug.xcconfig */,
				E70C5701A842F643B1383801 /* Pods-CochleariOSUITests.release.xcconfig */,
			);
			path = Pods;
			sourceTree = "<group>";
		};
		C898DCB4FDF5C5FCCDC6C80D /* Frameworks */ = {
			isa = PBXGroup;
			children = (
				A2DFB007CA51642FC9B9129F /* Pods_CochleariOS.framework */,
				D4093B173950669682C81AA6 /* Pods_CochleariOSTests.framework */,
				773CEAEC4CC8A3C48E3EA01F /* Pods_CochleariOSUITests.framework */,
			);
			name = Frameworks;
			sourceTree = "<group>";
		};
/* End PBXGroup section */

/* Begin PBXNativeTarget section */
		B1499DA223A3B15000DBF121 /* CochleariOS */ = {
			isa = PBXNativeTarget;
			buildConfigurationList = B1499DCD23A3B15300DBF121 /* Build configuration list for PBXNativeTarget "CochleariOS" */;
			buildPhases = (
				F05862383E45DBD459C522DA /* [CP] Check Pods Manifest.lock */,
				B1499D9F23A3B15000DBF121 /* Sources */,
				B1499DA023A3B15000DBF121 /* Frameworks */,
				B1499DA123A3B15000DBF121 /* Resources */,
				EE8E6327595AEA53CC1BD1F3 /* [CP] Copy Pods Resources */,
				D48FFA46A88F0A84650F5E84 /* [CP] Embed Pods Frameworks */,
			);
			buildRules = (
			);
			dependencies = (
			);
			name = CochleariOS;
			productName = CochleariOS;
			productReference = B1499DA323A3B15000DBF121 /* CochleariOS.app */;
			productType = "com.apple.product-type.application";
		};
		B1499DB823A3B15300DBF121 /* CochleariOSTests */ = {
			isa = PBXNativeTarget;
			buildConfigurationList = B1499DD023A3B15300DBF121 /* Build configuration list for PBXNativeTarget "CochleariOSTests" */;
			buildPhases = (
				28ACA15AA752538A9BCF1998 /* [CP] Check Pods Manifest.lock */,
				B1499DB523A3B15300DBF121 /* Sources */,
				B1499DB623A3B15300DBF121 /* Frameworks */,
				B1499DB723A3B15300DBF121 /* Resources */,
			);
			buildRules = (
			);
			dependencies = (
				B1499DBB23A3B15300DBF121 /* PBXTargetDependency */,
			);
			name = CochleariOSTests;
			productName = CochleariOSTests;
			productReference = B1499DB923A3B15300DBF121 /* CochleariOSTests.xctest */;
			productType = "com.apple.product-type.bundle.unit-test";
		};
		B1499DC323A3B15300DBF121 /* CochleariOSUITests */ = {
			isa = PBXNativeTarget;
			buildConfigurationList = B1499DD323A3B15300DBF121 /* Build configuration list for PBXNativeTarget "CochleariOSUITests" */;
			buildPhases = (
				9EEF3B4A944D85F9152A9B6A /* [CP] Check Pods Manifest.lock */,
				B1499DC023A3B15300DBF121 /* Sources */,
				B1499DC123A3B15300DBF121 /* Frameworks */,
				B1499DC223A3B15300DBF121 /* Resources */,
			);
			buildRules = (
			);
			dependencies = (
				B1499DC623A3B15300DBF121 /* PBXTargetDependency */,
			);
			name = CochleariOSUITests;
			productName = CochleariOSUITests;
			productReference = B1499DC423A3B15300DBF121 /* CochleariOSUITests.xctest */;
			productType = "com.apple.product-type.bundle.ui-testing";
		};
/* End PBXNativeTarget section */

/* Begin PBXProject section */
		B1499D9B23A3B15000DBF121 /* Project object */ = {
			isa = PBXProject;
			attributes = {
				LastSwiftUpdateCheck = 1120;
				LastUpgradeCheck = 1120;
				ORGANIZATIONNAME = Quadir;
				TargetAttributes = {
					B1499DA223A3B15000DBF121 = {
						CreatedOnToolsVersion = 11.2;
					};
					B1499DB823A3B15300DBF121 = {
						CreatedOnToolsVersion = 11.2;
						TestTargetID = B1499DA223A3B15000DBF121;
					};
					B1499DC323A3B15300DBF121 = {
						CreatedOnToolsVersion = 11.2;
						TestTargetID = B1499DA223A3B15000DBF121;
					};
				};
			};
			buildConfigurationList = B1499D9E23A3B15000DBF121 /* Build configuration list for PBXProject "CochleariOS" */;
			compatibilityVersion = "Xcode 9.3";
			developmentRegion = en;
			hasScannedForEncodings = 0;
			knownRegions = (
				en,
				Base,
			);
			mainGroup = B1499D9A23A3B15000DBF121;
			productRefGroup = B1499DA423A3B15000DBF121 /* Products */;
			projectDirPath = "";
			projectRoot = "";
			targets = (
				B1499DA223A3B15000DBF121 /* CochleariOS */,
				B1499DB823A3B15300DBF121 /* CochleariOSTests */,
				B1499DC323A3B15300DBF121 /* CochleariOSUITests */,
			);
		};
/* End PBXProject section */

/* Begin PBXResourcesBuildPhase section */
		B1499DA123A3B15000DBF121 /* Resources */ = {
			isa = PBXResourcesBuildPhase;
			buildActionMask = 2147483647;
			files = (
				B151B86B23A4B17100D909E7 /* CustomInfoWindow.xib in Resources */,
				B1499DB323A3B15300DBF121 /* LaunchScreen.storyboard in Resources */,
				B1499DD723A3DC2400DBF121 /* GoogleService-Info.plist in Resources */,
				B1499DB023A3B15300DBF121 /* Assets.xcassets in Resources */,
				B1499DAE23A3B15000DBF121 /* Main.storyboard in Resources */,
			);
			runOnlyForDeploymentPostprocessing = 0;
		};
		B1499DB723A3B15300DBF121 /* Resources */ = {
			isa = PBXResourcesBuildPhase;
			buildActionMask = 2147483647;
			files = (
			);
			runOnlyForDeploymentPostprocessing = 0;
		};
		B1499DC223A3B15300DBF121 /* Resources */ = {
			isa = PBXResourcesBuildPhase;
			buildActionMask = 2147483647;
			files = (
			);
			runOnlyForDeploymentPostprocessing = 0;
		};
/* End PBXResourcesBuildPhase section */

/* Begin PBXShellScriptBuildPhase section */
		28ACA15AA752538A9BCF1998 /* [CP] Check Pods Manifest.lock */ = {
			isa = PBXShellScriptBuildPhase;
			buildActionMask = 2147483647;
			files = (
			);
			inputFileListPaths = (
			);
			inputPaths = (
				"${PODS_PODFILE_DIR_PATH}/Podfile.lock",
				"${PODS_ROOT}/Manifest.lock",
			);
			name = "[CP] Check Pods Manifest.lock";
			outputFileListPaths = (
			);
			outputPaths = (
				"$(DERIVED_FILE_DIR)/Pods-CochleariOSTests-checkManifestLockResult.txt",
			);
			runOnlyForDeploymentPostprocessing = 0;
			shellPath = /bin/sh;
			shellScript = "diff \"${PODS_PODFILE_DIR_PATH}/Podfile.lock\" \"${PODS_ROOT}/Manifest.lock\" > /dev/null\nif [ $? != 0 ] ; then\n    # print error to STDERR\n    echo \"error: The sandbox is not in sync with the Podfile.lock. Run 'pod install' or update your CocoaPods installation.\" >&2\n    exit 1\nfi\n# This output is used by Xcode 'outputs' to avoid re-running this script phase.\necho \"SUCCESS\" > \"${SCRIPT_OUTPUT_FILE_0}\"\n";
			showEnvVarsInLog = 0;
		};
		9EEF3B4A944D85F9152A9B6A /* [CP] Check Pods Manifest.lock */ = {
			isa = PBXShellScriptBuildPhase;
			buildActionMask = 2147483647;
			files = (
			);
			inputFileListPaths = (
			);
			inputPaths = (
				"${PODS_PODFILE_DIR_PATH}/Podfile.lock",
				"${PODS_ROOT}/Manifest.lock",
			);
			name = "[CP] Check Pods Manifest.lock";
			outputFileListPaths = (
			);
			outputPaths = (
				"$(DERIVED_FILE_DIR)/Pods-CochleariOSUITests-checkManifestLockResult.txt",
			);
			runOnlyForDeploymentPostprocessing = 0;
			shellPath = /bin/sh;
			shellScript = "diff \"${PODS_PODFILE_DIR_PATH}/Podfile.lock\" \"${PODS_ROOT}/Manifest.lock\" > /dev/null\nif [ $? != 0 ] ; then\n    # print error to STDERR\n    echo \"error: The sandbox is not in sync with the Podfile.lock. Run 'pod install' or update your CocoaPods installation.\" >&2\n    exit 1\nfi\n# This output is used by Xcode 'outputs' to avoid re-running this script phase.\necho \"SUCCESS\" > \"${SCRIPT_OUTPUT_FILE_0}\"\n";
			showEnvVarsInLog = 0;
		};
		D48FFA46A88F0A84650F5E84 /* [CP] Embed Pods Frameworks */ = {
			isa = PBXShellScriptBuildPhase;
			buildActionMask = 2147483647;
			files = (
			);
			inputFileListPaths = (
				"${PODS_ROOT}/Target Support Files/Pods-CochleariOS/Pods-CochleariOS-frameworks-${CONFIGURATION}-input-files.xcfilelist",
			);
			name = "[CP] Embed Pods Frameworks";
			outputFileListPaths = (
				"${PODS_ROOT}/Target Support Files/Pods-CochleariOS/Pods-CochleariOS-frameworks-${CONFIGURATION}-output-files.xcfilelist",
			);
			runOnlyForDeploymentPostprocessing = 0;
			shellPath = /bin/sh;
			shellScript = "\"${PODS_ROOT}/Target Support Files/Pods-CochleariOS/Pods-CochleariOS-frameworks.sh\"\n";
			showEnvVarsInLog = 0;
		};
		EE8E6327595AEA53CC1BD1F3 /* [CP] Copy Pods Resources */ = {
			isa = PBXShellScriptBuildPhase;
			buildActionMask = 2147483647;
			files = (
			);
			inputFileListPaths = (
				"${PODS_ROOT}/Target Support Files/Pods-CochleariOS/Pods-CochleariOS-resources-${CONFIGURATION}-input-files.xcfilelist",
			);
			name = "[CP] Copy Pods Resources";
			outputFileListPaths = (
				"${PODS_ROOT}/Target Support Files/Pods-CochleariOS/Pods-CochleariOS-resources-${CONFIGURATION}-output-files.xcfilelist",
			);
			runOnlyForDeploymentPostprocessing = 0;
			shellPath = /bin/sh;
			shellScript = "\"${PODS_ROOT}/Target Support Files/Pods-CochleariOS/Pods-CochleariOS-resources.sh\"\n";
			showEnvVarsInLog = 0;
		};
		F05862383E45DBD459C522DA /* [CP] Check Pods Manifest.lock */ = {
			isa = PBXShellScriptBuildPhase;
			buildActionMask = 2147483647;
			files = (
			);
			inputFileListPaths = (
			);
			inputPaths = (
				"${PODS_PODFILE_DIR_PATH}/Podfile.lock",
				"${PODS_ROOT}/Manifest.lock",
			);
			name = "[CP] Check Pods Manifest.lock";
			outputFileListPaths = (
			);
			outputPaths = (
				"$(DERIVED_FILE_DIR)/Pods-CochleariOS-checkManifestLockResult.txt",
			);
			runOnlyForDeploymentPostprocessing = 0;
			shellPath = /bin/sh;
			shellScript = "diff \"${PODS_PODFILE_DIR_PATH}/Podfile.lock\" \"${PODS_ROOT}/Manifest.lock\" > /dev/null\nif [ $? != 0 ] ; then\n    # print error to STDERR\n    echo \"error: The sandbox is not in sync with the Podfile.lock. Run 'pod install' or update your CocoaPods installation.\" >&2\n    exit 1\nfi\n# This output is used by Xcode 'outputs' to avoid re-running this script phase.\necho \"SUCCESS\" > \"${SCRIPT_OUTPUT_FILE_0}\"\n";
			showEnvVarsInLog = 0;
		};
/* End PBXShellScriptBuildPhase section */

/* Begin PBXSourcesBuildPhase section */
		B1499D9F23A3B15000DBF121 /* Sources */ = {
			isa = PBXSourcesBuildPhase;
			buildActionMask = 2147483647;
			files = (
				B151B86923A4AF3600D909E7 /* DetailScreen.swift in Sources */,
				B151B86F23A5383200D909E7 /* ListScreen.swift in Sources */,
				B1499DAB23A3B15000DBF121 /* ViewController.swift in Sources */,
				B1499DA723A3B15000DBF121 /* AppDelegate.swift in Sources */,
				B151B87323A5C98300D909E7 /* LocationCell.swift in Sources */,
				B151B86D23A4B20C00D909E7 /* CustomInfoWindow.swift in Sources */,
				B1499DA923A3B15000DBF121 /* SceneDelegate.swift in Sources */,
			);
			runOnlyForDeploymentPostprocessing = 0;
		};
		B1499DB523A3B15300DBF121 /* Sources */ = {
			isa = PBXSourcesBuildPhase;
			buildActionMask = 2147483647;
			files = (
				B1499DBE23A3B15300DBF121 /* CochleariOSTests.swift in Sources */,
			);
			runOnlyForDeploymentPostprocessing = 0;
		};
		B1499DC023A3B15300DBF121 /* Sources */ = {
			isa = PBXSourcesBuildPhase;
			buildActionMask = 2147483647;
			files = (
				B1499DC923A3B15300DBF121 /* CochleariOSUITests.swift in Sources */,
			);
			runOnlyForDeploymentPostprocessing = 0;
		};
/* End PBXSourcesBuildPhase section */

/* Begin PBXTargetDependency section */
		B1499DBB23A3B15300DBF121 /* PBXTargetDependency */ = {
			isa = PBXTargetDependency;
			target = B1499DA223A3B15000DBF121 /* CochleariOS */;
			targetProxy = B1499DBA23A3B15300DBF121 /* PBXContainerItemProxy */;
		};
		B1499DC623A3B15300DBF121 /* PBXTargetDependency */ = {
			isa = PBXTargetDependency;
			target = B1499DA223A3B15000DBF121 /* CochleariOS */;
			targetProxy = B1499DC523A3B15300DBF121 /* PBXContainerItemProxy */;
		};
/* End PBXTargetDependency section */

/* Begin PBXVariantGroup section */
		B1499DAC23A3B15000DBF121 /* Main.storyboard */ = {
			isa = PBXVariantGroup;
			children = (
				B1499DAD23A3B15000DBF121 /* Base */,
			);
			name = Main.storyboard;
			sourceTree = "<group>";
		};
		B1499DB123A3B15300DBF121 /* LaunchScreen.storyboard */ = {
			isa = PBXVariantGroup;
			children = (
				B1499DB223A3B15300DBF121 /* Base */,
			);
			name = LaunchScreen.storyboard;
			sourceTree = "<group>";
		};
/* End PBXVariantGroup section */

/* Begin XCBuildConfiguration section */
		B1499DCB23A3B15300DBF121 /* Debug */ = {
			isa = XCBuildConfiguration;
			buildSettings = {
				ALWAYS_SEARCH_USER_PATHS = NO;
				CLANG_ANALYZER_NONNULL = YES;
				CLANG_ANALYZER_NUMBER_OBJECT_CONVERSION = YES_AGGRESSIVE;
				CLANG_CXX_LANGUAGE_STANDARD = "gnu++14";
				CLANG_CXX_LIBRARY = "libc++";
				CLANG_ENABLE_MODULES = YES;
				CLANG_ENABLE_OBJC_ARC = YES;
				CLANG_ENABLE_OBJC_WEAK = YES;
				CLANG_WARN_BLOCK_CAPTURE_AUTORELEASING = YES;
				CLANG_WARN_BOOL_CONVERSION = YES;
				CLANG_WARN_COMMA = YES;
				CLANG_WARN_CONSTANT_CONVERSION = YES;
				CLANG_WARN_DEPRECATED_OBJC_IMPLEMENTATIONS = YES;
				CLANG_WARN_DIRECT_OBJC_ISA_USAGE = YES_ERROR;
				CLANG_WARN_DOCUMENTATION_COMMENTS = YES;
				CLANG_WARN_EMPTY_BODY = YES;
				CLANG_WARN_ENUM_CONVERSION = YES;
				CLANG_WARN_INFINITE_RECURSION = YES;
				CLANG_WARN_INT_CONVERSION = YES;
				CLANG_WARN_NON_LITERAL_NULL_CONVERSION = YES;
				CLANG_WARN_OBJC_IMPLICIT_RETAIN_SELF = YES;
				CLANG_WARN_OBJC_LITERAL_CONVERSION = YES;
				CLANG_WARN_OBJC_ROOT_CLASS = YES_ERROR;
				CLANG_WARN_RANGE_LOOP_ANALYSIS = YES;
				CLANG_WARN_STRICT_PROTOTYPES = YES;
				CLANG_WARN_SUSPICIOUS_MOVE = YES;
				CLANG_WARN_UNGUARDED_AVAILABILITY = YES_AGGRESSIVE;
				CLANG_WARN_UNREACHABLE_CODE = YES;
				CLANG_WARN__DUPLICATE_METHOD_MATCH = YES;
				COPY_PHASE_STRIP = NO;
				DEBUG_INFORMATION_FORMAT = dwarf;
				ENABLE_STRICT_OBJC_MSGSEND = YES;
				ENABLE_TESTABILITY = YES;
				GCC_C_LANGUAGE_STANDARD = gnu11;
				GCC_DYNAMIC_NO_PIC = NO;
				GCC_NO_COMMON_BLOCKS = YES;
				GCC_OPTIMIZATION_LEVEL = 0;
				GCC_PREPROCESSOR_DEFINITIONS = (
					"DEBUG=1",
					"$(inherited)",
				);
				GCC_WARN_64_TO_32_BIT_CONVERSION = YES;
				GCC_WARN_ABOUT_RETURN_TYPE = YES_ERROR;
				GCC_WARN_UNDECLARED_SELECTOR = YES;
				GCC_WARN_UNINITIALIZED_AUTOS = YES_AGGRESSIVE;
				GCC_WARN_UNUSED_FUNCTION = YES;
				GCC_WARN_UNUSED_VARIABLE = YES;
				IPHONEOS_DEPLOYMENT_TARGET = 13.2;
				MTL_ENABLE_DEBUG_INFO = INCLUDE_SOURCE;
				MTL_FAST_MATH = YES;
				ONLY_ACTIVE_ARCH = YES;
				SDKROOT = iphoneos;
				SWIFT_ACTIVE_COMPILATION_CONDITIONS = DEBUG;
				SWIFT_OPTIMIZATION_LEVEL = "-Onone";
			};
			name = Debug;
		};
		B1499DCC23A3B15300DBF121 /* Release */ = {
			isa = XCBuildConfiguration;
			buildSettings = {
				ALWAYS_SEARCH_USER_PATHS = NO;
				CLANG_ANALYZER_NONNULL = YES;
				CLANG_ANALYZER_NUMBER_OBJECT_CONVERSION = YES_AGGRESSIVE;
				CLANG_CXX_LANGUAGE_STANDARD = "gnu++14";
				CLANG_CXX_LIBRARY = "libc++";
				CLANG_ENABLE_MODULES = YES;
				CLANG_ENABLE_OBJC_ARC = YES;
				CLANG_ENABLE_OBJC_WEAK = YES;
				CLANG_WARN_BLOCK_CAPTURE_AUTORELEASING = YES;
				CLANG_WARN_BOOL_CONVERSION = YES;
				CLANG_WARN_COMMA = YES;
				CLANG_WARN_CONSTANT_CONVERSION = YES;
				CLANG_WARN_DEPRECATED_OBJC_IMPLEMENTATIONS = YES;
				CLANG_WARN_DIRECT_OBJC_ISA_USAGE = YES_ERROR;
				CLANG_WARN_DOCUMENTATION_COMMENTS = YES;
				CLANG_WARN_EMPTY_BODY = YES;
				CLANG_WARN_ENUM_CONVERSION = YES;
				CLANG_WARN_INFINITE_RECURSION = YES;
				CLANG_WARN_INT_CONVERSION = YES;
				CLANG_WARN_NON_LITERAL_NULL_CONVERSION = YES;
				CLANG_WARN_OBJC_IMPLICIT_RETAIN_SELF = YES;
				CLANG_WARN_OBJC_LITERAL_CONVERSION = YES;
				CLANG_WARN_OBJC_ROOT_CLASS = YES_ERROR;
				CLANG_WARN_RANGE_LOOP_ANALYSIS = YES;
				CLANG_WARN_STRICT_PROTOTYPES = YES;
				CLANG_WARN_SUSPICIOUS_MOVE = YES;
				CLANG_WARN_UNGUARDED_AVAILABILITY = YES_AGGRESSIVE;
				CLANG_WARN_UNREACHABLE_CODE = YES;
				CLANG_WARN__DUPLICATE_METHOD_MATCH = YES;
				COPY_PHASE_STRIP = NO;
				DEBUG_INFORMATION_FORMAT = "dwarf-with-dsym";
				ENABLE_NS_ASSERTIONS = NO;
				ENABLE_STRICT_OBJC_MSGSEND = YES;
				GCC_C_LANGUAGE_STANDARD = gnu11;
				GCC_NO_COMMON_BLOCKS = YES;
				GCC_WARN_64_TO_32_BIT_CONVERSION = YES;
				GCC_WARN_ABOUT_RETURN_TYPE = YES_ERROR;
				GCC_WARN_UNDECLARED_SELECTOR = YES;
				GCC_WARN_UNINITIALIZED_AUTOS = YES_AGGRESSIVE;
				GCC_WARN_UNUSED_FUNCTION = YES;
				GCC_WARN_UNUSED_VARIABLE = YES;
				IPHONEOS_DEPLOYMENT_TARGET = 13.2;
				MTL_ENABLE_DEBUG_INFO = NO;
				MTL_FAST_MATH = YES;
				SDKROOT = iphoneos;
				SWIFT_COMPILATION_MODE = wholemodule;
				SWIFT_OPTIMIZATION_LEVEL = "-O";
				VALIDATE_PRODUCT = YES;
			};
			name = Release;
		};
		B1499DCE23A3B15300DBF121 /* Debug */ = {
			isa = XCBuildConfiguration;
			baseConfigurationReference = CC24F5B366042BD5F1690A85 /* Pods-CochleariOS.debug.xcconfig */;
			buildSettings = {
				ASSETCATALOG_COMPILER_APPICON_NAME = AppIcon;
				CODE_SIGN_STYLE = Automatic;
				DEVELOPMENT_TEAM = S23SD7M6C5;
				INFOPLIST_FILE = CochleariOS/Info.plist;
				LD_RUNPATH_SEARCH_PATHS = (
					"$(inherited)",
					"@executable_path/Frameworks",
				);
				PRODUCT_BUNDLE_IDENTIFIER = com.maq.CochleariOS;
				PRODUCT_NAME = "$(TARGET_NAME)";
				SWIFT_VERSION = 5.0;
				TARGETED_DEVICE_FAMILY = "1,2";
			};
			name = Debug;
		};
		B1499DCF23A3B15300DBF121 /* Release */ = {
			isa = XCBuildConfiguration;
			baseConfigurationReference = 4BF63B4B4800AE4DCE242887 /* Pods-CochleariOS.release.xcconfig */;
			buildSettings = {
				ASSETCATALOG_COMPILER_APPICON_NAME = AppIcon;
				CODE_SIGN_STYLE = Automatic;
				DEVELOPMENT_TEAM = S23SD7M6C5;
				INFOPLIST_FILE = CochleariOS/Info.plist;
				LD_RUNPATH_SEARCH_PATHS = (
					"$(inherited)",
					"@executable_path/Frameworks",
				);
				PRODUCT_BUNDLE_IDENTIFIER = com.maq.CochleariOS;
				PRODUCT_NAME = "$(TARGET_NAME)";
				SWIFT_VERSION = 5.0;
				TARGETED_DEVICE_FAMILY = "1,2";
			};
			name = Release;
		};
		B1499DD123A3B15300DBF121 /* Debug */ = {
			isa = XCBuildConfiguration;
			baseConfigurationReference = 12962AB0585B1F363E668D09 /* Pods-CochleariOSTests.debug.xcconfig */;
			buildSettings = {
				ALWAYS_EMBED_SWIFT_STANDARD_LIBRARIES = YES;
				BUNDLE_LOADER = "$(TEST_HOST)";
				CODE_SIGN_STYLE = Automatic;
				DEVELOPMENT_TEAM = S23SD7M6C5;
				INFOPLIST_FILE = CochleariOSTests/Info.plist;
				IPHONEOS_DEPLOYMENT_TARGET = 13.2;
				LD_RUNPATH_SEARCH_PATHS = (
					"$(inherited)",
					"@executable_path/Frameworks",
					"@loader_path/Frameworks",
				);
				PRODUCT_BUNDLE_IDENTIFIER = com.maq.CochleariOSTests;
				PRODUCT_NAME = "$(TARGET_NAME)";
				SWIFT_VERSION = 5.0;
				TARGETED_DEVICE_FAMILY = "1,2";
				TEST_HOST = "$(BUILT_PRODUCTS_DIR)/CochleariOS.app/CochleariOS";
			};
			name = Debug;
		};
		B1499DD223A3B15300DBF121 /* Release */ = {
			isa = XCBuildConfiguration;
			baseConfigurationReference = 4B4E974148941DF654B3E315 /* Pods-CochleariOSTests.release.xcconfig */;
			buildSettings = {
				ALWAYS_EMBED_SWIFT_STANDARD_LIBRARIES = YES;
				BUNDLE_LOADER = "$(TEST_HOST)";
				CODE_SIGN_STYLE = Automatic;
				DEVELOPMENT_TEAM = S23SD7M6C5;
				INFOPLIST_FILE = CochleariOSTests/Info.plist;
				IPHONEOS_DEPLOYMENT_TARGET = 13.2;
				LD_RUNPATH_SEARCH_PATHS = (
					"$(inherited)",
					"@executable_path/Frameworks",
					"@loader_path/Frameworks",
				);
				PRODUCT_BUNDLE_IDENTIFIER = com.maq.CochleariOSTests;
				PRODUCT_NAME = "$(TARGET_NAME)";
				SWIFT_VERSION = 5.0;
				TARGETED_DEVICE_FAMILY = "1,2";
				TEST_HOST = "$(BUILT_PRODUCTS_DIR)/CochleariOS.app/CochleariOS";
			};
			name = Release;
		};
		B1499DD423A3B15300DBF121 /* Debug */ = {
			isa = XCBuildConfiguration;
			baseConfigurationReference = F4458ECE21066E4D04841A6E /* Pods-CochleariOSUITests.debug.xcconfig */;
			buildSettings = {
				ALWAYS_EMBED_SWIFT_STANDARD_LIBRARIES = YES;
				CODE_SIGN_STYLE = Automatic;
				DEVELOPMENT_TEAM = S23SD7M6C5;
				INFOPLIST_FILE = CochleariOSUITests/Info.plist;
				LD_RUNPATH_SEARCH_PATHS = (
					"$(inherited)",
					"@executable_path/Frameworks",
					"@loader_path/Frameworks",
				);
				PRODUCT_BUNDLE_IDENTIFIER = com.maq.CochleariOSUITests;
				PRODUCT_NAME = "$(TARGET_NAME)";
				SWIFT_VERSION = 5.0;
				TARGETED_DEVICE_FAMILY = "1,2";
				TEST_TARGET_NAME = CochleariOS;
			};
			name = Debug;
		};
		B1499DD523A3B15300DBF121 /* Release */ = {
			isa = XCBuildConfiguration;
			baseConfigurationReference = E70C5701A842F643B1383801 /* Pods-CochleariOSUITests.release.xcconfig */;
			buildSettings = {
				ALWAYS_EMBED_SWIFT_STANDARD_LIBRARIES = YES;
				CODE_SIGN_STYLE = Automatic;
				DEVELOPMENT_TEAM = S23SD7M6C5;
				INFOPLIST_FILE = CochleariOSUITests/Info.plist;
				LD_RUNPATH_SEARCH_PATHS = (
					"$(inherited)",
					"@executable_path/Frameworks",
					"@loader_path/Frameworks",
				);
				PRODUCT_BUNDLE_IDENTIFIER = com.maq.CochleariOSUITests;
				PRODUCT_NAME = "$(TARGET_NAME)";
				SWIFT_VERSION = 5.0;
				TARGETED_DEVICE_FAMILY = "1,2";
				TEST_TARGET_NAME = CochleariOS;
			};
			name = Release;
		};
/* End XCBuildConfiguration section */

/* Begin XCConfigurationList section */
		B1499D9E23A3B15000DBF121 /* Build configuration list for PBXProject "CochleariOS" */ = {
			isa = XCConfigurationList;
			buildConfigurations = (
				B1499DCB23A3B15300DBF121 /* Debug */,
				B1499DCC23A3B15300DBF121 /* Release */,
			);
			defaultConfigurationIsVisible = 0;
			defaultConfigurationName = Release;
		};
		B1499DCD23A3B15300DBF121 /* Build configuration list for PBXNativeTarget "CochleariOS" */ = {
			isa = XCConfigurationList;
			buildConfigurations = (
				B1499DCE23A3B15300DBF121 /* Debug */,
				B1499DCF23A3B15300DBF121 /* Release */,
			);
			defaultConfigurationIsVisible = 0;
			defaultConfigurationName = Release;
		};
		B1499DD023A3B15300DBF121 /* Build configuration list for PBXNativeTarget "CochleariOSTests" */ = {
			isa = XCConfigurationList;
			buildConfigurations = (
				B1499DD123A3B15300DBF121 /* Debug */,
				B1499DD223A3B15300DBF121 /* Release */,
			);
			defaultConfigurationIsVisible = 0;
			defaultConfigurationName = Release;
		};
		B1499DD323A3B15300DBF121 /* Build configuration list for PBXNativeTarget "CochleariOSUITests" */ = {
			isa = XCConfigurationList;
			buildConfigurations = (
				B1499DD423A3B15300DBF121 /* Debug */,
				B1499DD523A3B15300DBF121 /* Release */,
			);
			defaultConfigurationIsVisible = 0;
			defaultConfigurationName = Release;
		};
/* End XCConfigurationList section */
	};
	rootObject = B1499D9B23A3B15000DBF121 /* Project object */;
}
